# This file is automatically @generated by Poetry 1.7.1 and should not be changed by hand.

[[package]]
name = "click"
version = "8.1.8"
description = "Composable command line interface toolkit"
optional = false
python-versions = ">=3.7"
files = [
    {file = "click-8.1.8-py3-none-any.whl", hash = "sha256:63c132bbbed01578a06712a2d1f497bb62d9c1c0d329b7903a866228027263b2"},
    {file = "click-8.1.8.tar.gz", hash = "sha256:ed53c9d8990d83c2a27deae68e4ee337473f6330c040a31d4225c9574d16096a"},
]

[package.dependencies]
colorama = {version = "*", markers = "platform_system == \"Windows\""}

[[package]]
name = "colorama"
version = "0.4.6"
description = "Cross-platform colored terminal text."
optional = false
python-versions = "!=3.0.*,!=3.1.*,!=3.2.*,!=3.3.*,!=3.4.*,!=3.5.*,!=3.6.*,>=2.7"
files = [
    {file = "colorama-0.4.6-py2.py3-none-any.whl", hash = "sha256:4f1d9991f5acc0ca119f9d443620b77f9d6b33703e51011c16baf57afb285fc6"},
    {file = "colorama-0.4.6.tar.gz", hash = "sha256:08695f5cb7ed6e0531a20572697297273c47b8cae5a63ffc6d6ed5c201be6e44"},
]

[[package]]
name = "pyside6"
version = "6.7.3"
description = "Python bindings for the Qt cross-platform application and UI framework"
optional = false
python-versions = "<3.13,>=3.9"
files = [
    {file = "PySide6-6.7.3-cp39-abi3-macosx_11_0_universal2.whl", hash = "sha256:1c21c4cf6cdd29bd13bbd7a2514756a19188eab992b92af03e64bf06a9b33d5b"},
    {file = "PySide6-6.7.3-cp39-abi3-manylinux_2_28_x86_64.whl", hash = "sha256:a21480cc746358f70768975fcc452322f03b3c3622625bfb1743b40ce4e24beb"},
    {file = "PySide6-6.7.3-cp39-abi3-manylinux_2_31_aarch64.whl", hash = "sha256:c2a1313296c0088d1c3d231d0a8ccf0eda52b84139d0c4065fded76e4a4378f4"},
    {file = "PySide6-6.7.3-cp39-abi3-win_amd64.whl", hash = "sha256:3ac8dcb4ca82d276e319f89dd99098b01061f255a2b9104216504aece5e0faf8"},
]

[package.dependencies]
PySide6-Addons = "6.7.3"
PySide6-Essentials = "6.7.3"
shiboken6 = "6.7.3"

[[package]]
name = "pyside6-addons"
version = "6.7.3"
description = "Python bindings for the Qt cross-platform application and UI framework (Addons)"
optional = false
python-versions = "<3.13,>=3.9"
files = [
    {file = "PySide6_Addons-6.7.3-cp39-abi3-macosx_11_0_universal2.whl", hash = "sha256:3174cb3a373c09c98740b452e8e8f4945d64cfa18ed8d43964111d570f0dc647"},
    {file = "PySide6_Addons-6.7.3-cp39-abi3-manylinux_2_28_x86_64.whl", hash = "sha256:bde1eb03dbffd089b50cd445847aaecaf4056cea84c49ea592d00f84f247251e"},
    {file = "PySide6_Addons-6.7.3-cp39-abi3-manylinux_2_31_aarch64.whl", hash = "sha256:5a9e0df31345fe6caea677d916ea48b53ba86f95cc6499c57f89e392447ad6db"},
    {file = "PySide6_Addons-6.7.3-cp39-abi3-win_amd64.whl", hash = "sha256:d8a19c2b2446407724c81c33ebf3217eaabd092f0f72da8130c17079e04a7813"},
]

[package.dependencies]
PySide6-Essentials = "6.7.3"
shiboken6 = "6.7.3"

[[package]]
name = "pyside6-essentials"
version = "6.7.3"
description = "Python bindings for the Qt cross-platform application and UI framework (Essentials)"
optional = false
python-versions = "<3.13,>=3.9"
files = [
    {file = "PySide6_Essentials-6.7.3-cp39-abi3-macosx_11_0_universal2.whl", hash = "sha256:f9e08a4e9e7dc7b5ab72fde20abce8c97df7af1b802d9743f098f577dfe1f649"},
    {file = "PySide6_Essentials-6.7.3-cp39-abi3-manylinux_2_28_x86_64.whl", hash = "sha256:cda6fd26aead48f32e57f044d18aa75dc39265b49d7957f515ce7ac3989e7029"},
    {file = "PySide6_Essentials-6.7.3-cp39-abi3-manylinux_2_31_aarch64.whl", hash = "sha256:acdde06b74f26e7d26b4ae1461081b32a6cb17fcaa2a580050b5e0f0f12236c9"},
    {file = "PySide6_Essentials-6.7.3-cp39-abi3-win_amd64.whl", hash = "sha256:f0950fcdcbcd4f2443336dc6a5fe692172adc225f876839583503ded0ab2f2a7"},
]

[package.dependencies]
shiboken6 = "6.7.3"

[[package]]
name = "qt6-applications"
version = "6.5.0.2.3"
description = "The collection of Qt tools easily installable in Python"
optional = false
python-versions = ">=3.7"
files = [
    {file = "qt6_applications-6.5.0.2.3-py3-none-macosx_10_14_universal2.whl", hash = "sha256:08bcc1059bddf05d028f43acb615e887d0ec9b4a4df4950d317a2c4854ed13c0"},
    {file = "qt6_applications-6.5.0.2.3-py3-none-manylinux_2_17_x86_64.whl", hash = "sha256:155b6bbb62144c32579dc6705e0fb33932994af58e5afbae3ef1c1e4472198cb"},
    {file = "qt6_applications-6.5.0.2.3-py3-none-win_amd64.whl", hash = "sha256:b6ce4c472768fb9898592e053b6cf732b231b6c945dc87a90799cb8f7db24b94"},
]

[[package]]
name = "qt6-tools"
version = "6.5.0.1.3"
description = "Wrappers for the raw Qt programs from qt6-applications"
optional = false
python-versions = ">=3.7"
files = [
    {file = "qt6_tools-6.5.0.1.3-py3-none-any.whl", hash = "sha256:bb32830bd78b73a3566ecc3f0381771da685f643d44502b73082b1071136e674"},
]

[package.dependencies]
click = "*"
qt6-applications = ">=6.5.0.2.2,<6.5.0.3"

[[package]]
name = "reloadium"
version = "1.5.1"
description = "Hot reloader aka edit and continue for Python"
optional = false
python-versions = "<4.0,>=3.7.0"
files = [
    {file = "reloadium-1.5.1-cp310-cp310-macosx_11_0_x86_64.whl", hash = "sha256:5851a2dbffb13abd41b694dd429aa6b4fc10f9b5c3e22162e80965dafb31fbaf"},
    {file = "reloadium-1.5.1-cp310-cp310-macosx_12_0_arm64.whl", hash = "sha256:76bfedf5a5be6f5404f97ddfb9667413d32251b7bfb74b857988530a288f2c6f"},
    {file = "reloadium-1.5.1-cp310-cp310-manylinux_2_17_x86_64.manylinux2014_x86_64.whl", hash = "sha256:0e75a0d472460d8eaead84deb7981384ed5b50ccd93bb099d33290e2d0b53090"},
    {file = "reloadium-1.5.1-cp310-cp310-win_amd64.whl", hash = "sha256:a0238c73af6504fb3727e39d3ef4419ad3addda05867f674344ed55fc7fc7409"},
    {file = "reloadium-1.5.1-cp311-cp311-macosx_10_9_universal2.whl", hash = "sha256:783c14ebcb9c054aff2e1516b93128612637bb2cb2b4ff86c513559b0112f103"},
    {file = "reloadium-1.5.1-cp311-cp311-macosx_11_0_universal2.whl", hash = "sha256:474453b427845442331f6a5f5788f718bcee9c3dae5cb2fac39a13da970dae9d"},
    {file = "reloadium-1.5.1-cp311-cp311-macosx_12_0_arm64.whl", hash = "sha256:86c2befb8310678c354d7a3d7bb7c28ffeca420430c4a8219fc5f8c3e2d71db5"},
    {file = "reloadium-1.5.1-cp311-cp311-manylinux_2_17_x86_64.manylinux2014_x86_64.whl", hash = "sha256:2adab79a394b7322596a1ac39bb082f21e7f5d34081b751b9c42b9f6c7f0b247"},
    {file = "reloadium-1.5.1-cp311-cp311-win_amd64.whl", hash = "sha256:60147b2324c767c5fc5e538506b40202a8066898dfddd7112fd5b1d114562616"},
    {file = "reloadium-1.5.1-cp38-cp38-manylinux_2_17_x86_64.manylinux2014_x86_64.whl", hash = "sha256:480b5dce1fd42ae88a729bfe22df5f60694e5d72c6250340da1668d1463e3991"},
    {file = "reloadium-1.5.1-cp38-cp38-win_amd64.whl", hash = "sha256:f4f90ae7d81f6659019aec7f9814069abf46a685ce22540e9cee233a3ce75861"},
    {file = "reloadium-1.5.1-cp39-cp39-macosx_12_0_arm64.whl", hash = "sha256:dbc5a30ede264ddd09bf9d0b68ac6575eb30a8f0f53812c888e7ee7dad38f8d8"},
    {file = "reloadium-1.5.1-cp39-cp39-manylinux_2_17_x86_64.manylinux2014_x86_64.whl", hash = "sha256:9affe40fb58cc9c4d1198c3a7029cbcc31aa356597cbe954d33c3073da0fdd36"},
    {file = "reloadium-1.5.1-cp39-cp39-win_amd64.whl", hash = "sha256:b47183941a8e5c2228e856d755a16e6f295faa173ec782efe471dbb13b67f450"},
    {file = "reloadium-1.5.1-py3-none-any.whl", hash = "sha256:9b084d2f30f3153f8cc1db312ae5919d0977dca6e2fbe7eec7a46a9c2e2ee162"},
]

[[package]]
name = "shiboken6"
version = "6.7.3"
description = "Python/C++ bindings helper module"
optional = false
python-versions = "<3.13,>=3.9"
files = [
    {file = "shiboken6-6.7.3-cp39-abi3-macosx_11_0_universal2.whl", hash = "sha256:285fe3cf79be3135fe1ad1e2b9ff6db3a48698887425af6aa6ed7a05a9abc3d6"},
    {file = "shiboken6-6.7.3-cp39-abi3-manylinux_2_28_x86_64.whl", hash = "sha256:f0852e5781de78be5b13c140ec4c7fb9734e2aaf2986eb2d6a224363e03efccc"},
    {file = "shiboken6-6.7.3-cp39-abi3-manylinux_2_31_aarch64.whl", hash = "sha256:f0dd635178e64a45be2f84c9f33dd79ac30328da87f834f21a0baf69ae210e6e"},
    {file = "shiboken6-6.7.3-cp39-abi3-win_amd64.whl", hash = "sha256:5f29325dfa86fde0274240f1f38e421303749d3174ce3ada178715b5f4719db9"},
]

[metadata]
lock-version = "2.0"
python-versions = "~3.11.0"
content-hash = "32b0f81b74b46c9acd25790d0316fcad3277b59ff1a6fc026a46d292c65b225f"
